// !$*UTF8*$!
{
	archiveVersion = 1;
	classes = {
	};
	objectVersion = 50;
	objects = {

/* Begin PBXBuildFile section */
		AEB6D588264590E6004E1725 /* CollectionTableViewCell.swift in Sources */ = {isa = PBXBuildFile; fileRef = AEB6D587264590E6004E1725 /* CollectionTableViewCell.swift */; };
		AEB6D58B26459582004E1725 /* TileCollectionViewCell.swift in Sources */ = {isa = PBXBuildFile; fileRef = AEB6D58A26459582004E1725 /* TileCollectionViewCell.swift */; };
		AEF0C29A2644B0BA00BA8370 /* AppDelegate.swift in Sources */ = {isa = PBXBuildFile; fileRef = AEF0C2992644B0BA00BA8370 /* AppDelegate.swift */; };
		AEF0C29C2644B0BA00BA8370 /* SceneDelegate.swift in Sources */ = {isa = PBXBuildFile; fileRef = AEF0C29B2644B0BA00BA8370 /* SceneDelegate.swift */; };
		AEF0C29E2644B0BA00BA8370 /* ViewController.swift in Sources */ = {isa = PBXBuildFile; fileRef = AEF0C29D2644B0BA00BA8370 /* ViewController.swift */; };
		AEF0C2A12644B0BA00BA8370 /* Main.storyboard in Resources */ = {isa = PBXBuildFile; fileRef = AEF0C29F2644B0BA00BA8370 /* Main.storyboard */; };
		AEF0C2A32644B0BB00BA8370 /* Assets.xcassets in Resources */ = {isa = PBXBuildFile; fileRef = AEF0C2A22644B0BB00BA8370 /* Assets.xcassets */; };
		AEF0C2A62644B0BB00BA8370 /* LaunchScreen.storyboard in Resources */ = {isa = PBXBuildFile; fileRef = AEF0C2A42644B0BB00BA8370 /* LaunchScreen.storyboard */; };
		AEF0C2AF2644B2EC00BA8370 /* Extension.swift in Sources */ = {isa = PBXBuildFile; fileRef = AEF0C2AE2644B2EC00BA8370 /* Extension.swift */; };
/* End PBXBuildFile section */

/* Begin PBXFileReference section */
		AEB6D587264590E6004E1725 /* CollectionTableViewCell.swift */ = {isa = PBXFileReference; lastKnownFileType = sourcecode.swift; path = CollectionTableViewCell.swift; sourceTree = "<group>"; };
		AEB6D58A26459582004E1725 /* TileCollectionViewCell.swift */ = {isa = PBXFileReference; lastKnownFileType = sourcecode.swift; path = TileCollectionViewCell.swift; sourceTree = "<group>"; };
		AEF0C2962644B0BA00BA8370 /* Carousel.app */ = {isa = PBXFileReference; explicitFileType = wrapper.application; includeInIndex = 0; path = Carousel.app; sourceTree = BUILT_PRODUCTS_DIR; };
		AEF0C2992644B0BA00BA8370 /* AppDelegate.swift */ = {isa = PBXFileReference; lastKnownFileType = sourcecode.swift; path = AppDelegate.swift; sourceTree = "<group>"; };
		AEF0C29B2644B0BA00BA8370 /* SceneDelegate.swift */ = {isa = PBXFileReference; lastKnownFileType = sourcecode.swift; path = SceneDelegate.swift; sourceTree = "<group>"; };
		AEF0C29D2644B0BA00BA8370 /* ViewController.swift */ = {isa = PBXFileReference; lastKnownFileType = sourcecode.swift; path = ViewController.swift; sourceTree = "<group>"; };
		AEF0C2A02644B0BA00BA8370 /* Base */ = {isa = PBXFileReference; lastKnownFileType = file.storyboard; name = Base; path = Base.lproj/Main.storyboard; sourceTree = "<group>"; };
		AEF0C2A22644B0BB00BA8370 /* Assets.xcassets */ = {isa = PBXFileReference; lastKnownFileType = folder.assetcatalog; path = Assets.xcassets; sourceTree = "<group>"; };
		AEF0C2A52644B0BB00BA8370 /* Base */ = {isa = PBXFileReference; lastKnownFileType = file.storyboard; name = Base; path = Base.lproj/LaunchScreen.storyboard; sourceTree = "<group>"; };
		AEF0C2A72644B0BB00BA8370 /* Info.plist */ = {isa = PBXFileReference; lastKnownFileType = text.plist.xml; path = Info.plist; sourceTree = "<group>"; };
		AEF0C2AE2644B2EC00BA8370 /* Extension.swift */ = {isa = PBXFileReference; lastKnownFileType = sourcecode.swift; path = Extension.swift; sourceTree = "<group>"; };
/* End PBXFileReference section */

/* Begin PBXFrameworksBuildPhase section */
		AEF0C2932644B0BA00BA8370 /* Frameworks */ = {
			isa = PBXFrameworksBuildPhase;
			buildActionMask = 2147483647;
			files = (
			);
			runOnlyForDeploymentPostprocessing = 0;
		};
/* End PBXFrameworksBuildPhase section */

/* Begin PBXGroup section */
		AEF0C28D2644B0BA00BA8370 = {
			isa = PBXGroup;
			children = (
				AEF0C2982644B0BA00BA8370 /* Carousel */,
				AEF0C2972644B0BA00BA8370 /* Products */,
			);
			sourceTree = "<group>";
		};
		AEF0C2972644B0BA00BA8370 /* Products */ = {
			isa = PBXGroup;
			children = (
				AEF0C2962644B0BA00BA8370 /* Carousel.app */,
			);
			name = Products;
			sourceTree = "<group>";
		};
		AEF0C2982644B0BA00BA8370 /* Carousel */ = {
			isa = PBXGroup;
			children = (
				AEF0C2992644B0BA00BA8370 /* AppDelegate.swift */,
				AEF0C29B2644B0BA00BA8370 /* SceneDelegate.swift */,
				AEF0C29D2644B0BA00BA8370 /* ViewController.swift */,
				AEF0C29F2644B0BA00BA8370 /* Main.storyboard */,
				AEF0C2A22644B0BB00BA8370 /* Assets.xcassets */,
				AEF0C2A42644B0BB00BA8370 /* LaunchScreen.storyboard */,
				AEF0C2A72644B0BB00BA8370 /* Info.plist */,
				AEF0C2AE2644B2EC00BA8370 /* Extension.swift */,
				AEB6D587264590E6004E1725 /* CollectionTableViewCell.swift */,
				AEB6D58A26459582004E1725 /* TileCollectionViewCell.swift */,
			);
			path = Carousel;
			sourceTree = "<group>";
		};
/* End PBXGroup section */

/* Begin PBXNativeTarget section */
		AEF0C2952644B0BA00BA8370 /* Carousel */ = {
			isa = PBXNativeTarget;
			buildConfigurationList = AEF0C2AA2644B0BB00BA8370 /* Build configuration list for PBXNativeTarget "Carousel" */;
			buildPhases = (
				AEF0C2922644B0BA00BA8370 /* Sources */,
				AEF0C2932644B0BA00BA8370 /* Frameworks */,
				AEF0C2942644B0BA00BA8370 /* Resources */,
			);
			buildRules = (
			);
			dependencies = (
			);
			name = Carousel;
			productName = Carousel;
			productReference = AEF0C2962644B0BA00BA8370 /* Carousel.app */;
			productType = "com.apple.product-type.application";
		};
/* End PBXNativeTarget section */

/* Begin PBXProject section */
		AEF0C28E2644B0BA00BA8370 /* Project object */ = {
			isa = PBXProject;
			attributes = {
				LastSwiftUpdateCheck = 1240;
				LastUpgradeCheck = 1240;
				TargetAttributes = {
					AEF0C2952644B0BA00BA8370 = {
						CreatedOnToolsVersion = 12.4;
					};
				};
			};
			buildConfigurationList = AEF0C2912644B0BA00BA8370 /* Build configuration list for PBXProject "Carousel" */;
			compatibilityVersion = "Xcode 9.3";
			developmentRegion = en;
			hasScannedForEncodings = 0;
			knownRegions = (
				en,
				Base,
			);
			mainGroup = AEF0C28D2644B0BA00BA8370;
			productRefGroup = AEF0C2972644B0BA00BA8370 /* Products */;
			projectDirPath = "";
			projectRoot = "";
			targets = (
				AEF0C2952644B0BA00BA8370 /* Carousel */,
			);
		};
/* End PBXProject section */

/* Begin PBXResourcesBuildPhase section */
		AEF0C2942644B0BA00BA8370 /* Resources */ = {
			isa = PBXResourcesBuildPhase;
			buildActionMask = 2147483647;
			files = (
				AEF0C2A62644B0BB00BA8370 /* LaunchScreen.storyboard in Resources */,
				AEF0C2A32644B0BB00BA8370 /* Assets.xcassets in Resources */,
				AEF0C2A12644B0BA00BA8370 /* Main.storyboard in Resources */,
			);
			runOnlyForDeploymentPostprocessing = 0;
		};
/* End PBXResourcesBuildPhase section */

/* Begin PBXSourcesBuildPhase section */
		AEF0C2922644B0BA00BA8370 /* Sources */ = {
			isa = PBXSourcesBuildPhase;
			buildActionMask = 2147483647;
			files = (
				AEB6D58B26459582004E1725 /* TileCollectionViewCell.swift in Sources */,
				AEB6D588264590E6004E1725 /* CollectionTableViewCell.swift in Sources */,
				AEF0C29E2644B0BA00BA8370 /* ViewController.swift in Sources */,
				AEF0C29A2644B0BA00BA8370 /* AppDelegate.swift in Sources */,
				AEF0C29C2644B0BA00BA8370 /* SceneDelegate.swift in Sources */,
				AEF0C2AF2644B2EC00BA8370 /* Extension.swift in Sources */,
			);
			runOnlyForDeploymentPostprocessing = 0;
		};
/* End PBXSourcesBuildPhase section */

/* Begin PBXVariantGroup section */
		AEF0C29F2644B0BA00BA8370 /* Main.storyboard */ = {
			isa = PBXVariantGroup;
			children = (
				AEF0C2A02644B0BA00BA8370 /* Base */,
			);
			name = Main.storyboard;
			sourceTree = "<group>";
		};
		AEF0C2A42644B0BB00BA8370 /* LaunchScreen.storyboard */ = {
			isa = PBXVariantGroup;
			children = (
				AEF0C2A52644B0BB00BA8370 /* Base */,
			);
			name = LaunchScreen.storyboard;
			sourceTree = "<group>";
		};
/* End PBXVariantGroup section */

/* Begin XCBuildConfiguration section */
		AEF0C2A82644B0BB00BA8370 /* Debug */ = {
			isa = XCBuildConfiguration;
			buildSettings = {
				ALWAYS_SEARCH_USER_PATHS = NO;
				CLANG_ANALYZER_NONNULL = YES;
				CLANG_ANALYZER_NUMBER_OBJECT_CONVERSION = YES_AGGRESSIVE;
				CLANG_CXX_LANGUAGE_STANDARD = "gnu++14";
				CLANG_CXX_LIBRARY = "libc++";
				CLANG_ENABLE_MODULES = YES;
				CLANG_ENABLE_OBJC_ARC = YES;
				CLANG_ENABLE_OBJC_WEAK = YES;
				CLANG_WARN_BLOCK_CAPTURE_AUTORELEASING = YES;
				CLANG_WARN_BOOL_CONVERSION = YES;
				CLANG_WARN_COMMA = YES;
				CLANG_WARN_CONSTANT_CONVERSION = YES;
				CLANG_WARN_DEPRECATED_OBJC_IMPLEMENTATIONS = YES;
				CLANG_WARN_DIRECT_OBJC_ISA_USAGE = YES_ERROR;
				CLANG_WARN_DOCUMENTATION_COMMENTS = YES;
				CLANG_WARN_EMPTY_BODY = YES;
				CLANG_WARN_ENUM_CONVERSION = YES;
				CLANG_WARN_INFINITE_RECURSION = YES;
				CLANG_WARN_INT_CONVERSION = YES;
				CLANG_WARN_NON_LITERAL_NULL_CONVERSION = YES;
				CLANG_WARN_OBJC_IMPLICIT_RETAIN_SELF = YES;
				CLANG_WARN_OBJC_LITERAL_CONVERSION = YES;
				CLANG_WARN_OBJC_ROOT_CLASS = YES_ERROR;
				CLANG_WARN_QUOTED_INCLUDE_IN_FRAMEWORK_HEADER = YES;
				CLANG_WARN_RANGE_LOOP_ANALYSIS = YES;
				CLANG_WARN_STRICT_PROTOTYPES = YES;
				CLANG_WARN_SUSPICIOUS_MOVE = YES;
				CLANG_WARN_UNGUARDED_AVAILABILITY = YES_AGGRESSIVE;
				CLANG_WARN_UNREACHABLE_CODE = YES;
				CLANG_WARN__DUPLICATE_METHOD_MATCH = YES;
				COPY_PHASE_STRIP = NO;
				DEBUG_INFORMATION_FORMAT = dwarf;
				ENABLE_STRICT_OBJC_MSGSEND = YES;
				ENABLE_TESTABILITY = YES;
				GCC_C_LANGUAGE_STANDARD = gnu11;
				GCC_DYNAMIC_NO_PIC = NO;
				GCC_NO_COMMON_BLOCKS = YES;
				GCC_OPTIMIZATION_LEVEL = 0;
				GCC_PREPROCESSOR_DEFINITIONS = (
					"DEBUG=1",
					"$(inherited)",
				);
				GCC_WARN_64_TO_32_BIT_CONVERSION = YES;
				GCC_WARN_ABOUT_RETURN_TYPE = YES_ERROR;
				GCC_WARN_UNDECLARED_SELECTOR = YES;
				GCC_WARN_UNINITIALIZED_AUTOS = YES_AGGRESSIVE;
				GCC_WARN_UNUSED_FUNCTION = YES;
				GCC_WARN_UNUSED_VARIABLE = YES;
				IPHONEOS_DEPLOYMENT_TARGET = 14.4;
				MTL_ENABLE_DEBUG_INFO = INCLUDE_SOURCE;
				MTL_FAST_MATH = YES;
				ONLY_ACTIVE_ARCH = YES;
				SDKROOT = iphoneos;
				SWIFT_ACTIVE_COMPILATION_CONDITIONS = DEBUG;
				SWIFT_OPTIMIZATION_LEVEL = "-Onone";
			};
			name = Debug;
		};
		AEF0C2A92644B0BB00BA8370 /* Release */ = {
			isa = XCBuildConfiguration;
			buildSettings = {
				ALWAYS_SEARCH_USER_PATHS = NO;
				CLANG_ANALYZER_NONNULL = YES;
				CLANG_ANALYZER_NUMBER_OBJECT_CONVERSION = YES_AGGRESSIVE;
				CLANG_CXX_LANGUAGE_STANDARD = "gnu++14";
				CLANG_CXX_LIBRARY = "libc++";
				CLANG_ENABLE_MODULES = YES;
				CLANG_ENABLE_OBJC_ARC = YES;
				CLANG_ENABLE_OBJC_WEAK = YES;
				CLANG_WARN_BLOCK_CAPTURE_AUTORELEASING = YES;
				CLANG_WARN_BOOL_CONVERSION = YES;
				CLANG_WARN_COMMA = YES;
				CLANG_WARN_CONSTANT_CONVERSION = YES;
				CLANG_WARN_DEPRECATED_OBJC_IMPLEMENTATIONS = YES;
				CLANG_WARN_DIRECT_OBJC_ISA_USAGE = YES_ERROR;
				CLANG_WARN_DOCUMENTATION_COMMENTS = YES;
				CLANG_WARN_EMPTY_BODY = YES;
				CLANG_WARN_ENUM_CONVERSION = YES;
				CLANG_WARN_INFINITE_RECURSION = YES;
				CLANG_WARN_INT_CONVERSION = YES;
				CLANG_WARN_NON_LITERAL_NULL_CONVERSION = YES;
				CLANG_WARN_OBJC_IMPLICIT_RETAIN_SELF = YES;
				CLANG_WARN_OBJC_LITERAL_CONVERSION = YES;
				CLANG_WARN_OBJC_ROOT_CLASS = YES_ERROR;
				CLANG_WARN_QUOTED_INCLUDE_IN_FRAMEWORK_HEADER = YES;
				CLANG_WARN_RANGE_LOOP_ANALYSIS = YES;
				CLANG_WARN_STRICT_PROTOTYPES = YES;
				CLANG_WARN_SUSPICIOUS_MOVE = YES;
				CLANG_WARN_UNGUARDED_AVAILABILITY = YES_AGGRESSIVE;
				CLANG_WARN_UNREACHABLE_CODE = YES;
				CLANG_WARN__DUPLICATE_METHOD_MATCH = YES;
				COPY_PHASE_STRIP = NO;
				DEBUG_INFORMATION_FORMAT = "dwarf-with-dsym";
				ENABLE_NS_ASSERTIONS = NO;
				ENABLE_STRICT_OBJC_MSGSEND = YES;
				GCC_C_LANGUAGE_STANDARD = gnu11;
				GCC_NO_COMMON_BLOCKS = YES;
				GCC_WARN_64_TO_32_BIT_CONVERSION = YES;
				GCC_WARN_ABOUT_RETURN_TYPE = YES_ERROR;
				GCC_WARN_UNDECLARED_SELECTOR = YES;
				GCC_WARN_UNINITIALIZED_AUTOS = YES_AGGRESSIVE;
				GCC_WARN_UNUSED_FUNCTION = YES;
				GCC_WARN_UNUSED_VARIABLE = YES;
				IPHONEOS_DEPLOYMENT_TARGET = 14.4;
				MTL_ENABLE_DEBUG_INFO = NO;
				MTL_FAST_MATH = YES;
				SDKROOT = iphoneos;
				SWIFT_COMPILATION_MODE = wholemodule;
				SWIFT_OPTIMIZATION_LEVEL = "-O";
				VALIDATE_PRODUCT = YES;
			};
			name = Release;
		};
		AEF0C2AB2644B0BB00BA8370 /* Debug */ = {
			isa = XCBuildConfiguration;
			buildSettings = {
				ASSETCATALOG_COMPILER_APPICON_NAME = AppIcon;
				ASSETCATALOG_COMPILER_GLOBAL_ACCENT_COLOR_NAME = AccentColor;
				CODE_SIGN_STYLE = Automatic;
				INFOPLIST_FILE = Carousel/Info.plist;
				LD_RUNPATH_SEARCH_PATHS = (
					"$(inherited)",
					"@executable_path/Frameworks",
				);
				PRODUCT_BUNDLE_IDENTIFIER = com.josecaraballo.Carousel;
				PRODUCT_NAME = "$(TARGET_NAME)";
				SWIFT_VERSION = 5.0;
				TARGETED_DEVICE_FAMILY = "1,2";
			};
			name = Debug;
		};
		AEF0C2AC2644B0BB00BA8370 /* Release */ = {
			isa = XCBuildConfiguration;
			buildSettings = {
				ASSETCATALOG_COMPILER_APPICON_NAME = AppIcon;
				ASSETCATALOG_COMPILER_GLOBAL_ACCENT_COLOR_NAME = AccentColor;
				CODE_SIGN_STYLE = Automatic;
				INFOPLIST_FILE = Carousel/Info.plist;
				LD_RUNPATH_SEARCH_PATHS = (
					"$(inherited)",
					"@executable_path/Frameworks",
				);
				PRODUCT_BUNDLE_IDENTIFIER = com.josecaraballo.Carousel;
				PRODUCT_NAME = "$(TARGET_NAME)";
				SWIFT_VERSION = 5.0;
				TARGETED_DEVICE_FAMILY = "1,2";
			};
			name = Release;
		};
/* End XCBuildConfiguration section */

/* Begin XCConfigurationList section */
		AEF0C2912644B0BA00BA8370 /* Build configuration list for PBXProject "Carousel" */ = {
			isa = XCConfigurationList;
			buildConfigurations = (
				AEF0C2A82644B0BB00BA8370 /* Debug */,
				AEF0C2A92644B0BB00BA8370 /* Release */,
			);
			defaultConfigurationIsVisible = 0;
			defaultConfigurationName = Release;
		};
		AEF0C2AA2644B0BB00BA8370 /* Build configuration list for PBXNativeTarget "Carousel" */ = {
			isa = XCConfigurationList;
			buildConfigurations = (
				AEF0C2AB2644B0BB00BA8370 /* Debug */,
				AEF0C2AC2644B0BB00BA8370 /* Release */,
			);
			defaultConfigurationIsVisible = 0;
			defaultConfigurationName = Release;
		};
/* End XCConfigurationList section */
	};
	rootObject = AEF0C28E2644B0BA00BA8370 /* Project object */;
}
